
Microsoft Visual Studio Solution File, Format Version 12.00
# Visual Studio 15
Project("{FAE04EC0-301F-11D3-BF4B-00C04F79EFBC}") = "TestProjectV2", "TestProjectV2.csproj", "{FD5163C9-C129-F987-9979-0D7CC3CA2F0B}"
EndProject
Project("{FAE04EC0-301F-11D3-BF4B-00C04F79EFBC}") = "TestProjectV2.Editor", "TestProjectV2.Editor.csproj", "{76064C6C-71F2-E600-F0FF-416669FF0312}"
EndProject
Global
	GlobalSection(SolutionConfigurationPlatforms) = preSolution
		Debug|Any CPU = Debug|Any CPU
		Release|Any CPU = Release|Any CPU
	EndGlobalSection
	GlobalSection(ProjectConfigurationPlatforms) = postSolution
		{FD5163C9-C129-F987-9979-0D7CC3CA2F0B}.Debug|Any CPU.ActiveCfg = Debug|Any CPU
		{FD5163C9-C129-F987-9979-0D7CC3CA2F0B}.Debug|Any CPU.Build.0 = Debug|Any CPU
		{FD5163C9-C129-F987-9979-0D7CC3CA2F0B}.Release|Any CPU.ActiveCfg = Release|Any CPU
		{FD5163C9-C129-F987-9979-0D7CC3CA2F0B}.Release|Any CPU.Build.0 = Release|Any CPU
		{76064C6C-71F2-E600-F0FF-416669FF0312}.Debug|Any CPU.ActiveCfg = Debug|Any CPU
		{76064C6C-71F2-E600-F0FF-416669FF0312}.Debug|Any CPU.Build.0 = Debug|Any CPU
		{76064C6C-71F2-E600-F0FF-416669FF0312}.Release|Any CPU.ActiveCfg = Release|Any CPU
		{76064C6C-71F2-E600-F0FF-416669FF0312}.Release|Any CPU.Build.0 = Release|Any CPU
	EndGlobalSection
	GlobalSection(SolutionProperties) = preSolution
		HideSolutionNode = FALSE
	EndGlobalSection
EndGlobal
